
Microsoft Visual Studio Solution File, Format Version 12.00
# Visual Studio Version 17
VisualStudioVersion = 17.1.32228.430
MinimumVisualStudioVersion = 10.0.40219.1
Project("{FAE04EC0-301F-11D3-BF4B-00C04F79EFBC}") = "Itami", "Itami\Itami.csproj", "{7AF1ED39-797D-439D-956F-B309BF2821FD}"
EndProject
Global
	GlobalSection(SolutionConfigurationPlatforms) = preSolution
		Debug|x64 = Debug|x64
		Release|x64 = Release|x64
	EndGlobalSection
	GlobalSection(ProjectConfigurationPlatforms) = postSolution
		{7AF1ED39-797D-439D-956F-B309BF2821FD}.Debug|x64.ActiveCfg = Debug|x64
		{7AF1ED39-797D-439D-956F-B309BF2821FD}.Debug|x64.Build.0 = Debug|x64
		{7AF1ED39-797D-439D-956F-B309BF2821FD}.Release|x64.ActiveCfg = Release|x64
		{7AF1ED39-797D-439D-956F-B309BF2821FD}.Release|x64.Build.0 = Release|x64
	EndGlobalSection
	GlobalSection(SolutionProperties) = preSolution
		HideSolutionNode = FALSE
	EndGlobalSection
	GlobalSection(ExtensibilityGlobals) = postSolution
		SolutionGuid = {110A2B2C-E6C5-4F31-AEFC-3E4A0A7B1BC9}
	EndGlobalSection
EndGlobal
